
Microsoft Visual Studio Solution File, Format Version 12.00
# Visual Studio Version 17
VisualStudioVersion = 17.9.34607.119
MinimumVisualStudioVersion = 10.0.40219.1
Project("{9A19103F-16F7-4668-BE54-9A1E7A4F7556}") = "CircusTreinDomain", "CircusTreinModels\CircusTreinDomain.csproj", "{ABFA78BC-F74E-4B97-99DB-40E4A4FB0648}"
EndProject
Project("{9A19103F-16F7-4668-BE54-9A1E7A4F7556}") = "CircusTreinConsole", "CircusTreinConsole\CircusTreinConsole.csproj", "{EF7CC083-85DF-4C89-8C6E-566E48718153}"
EndProject
Project("{FAE04EC0-301F-11D3-BF4B-00C04F79EFBC}") = "CircusTreinTest", "CircusTreinTest\CircusTreinTest.csproj", "{EDB01E95-182D-48A9-871B-07A894DCBB96}"
EndProject
Global
	GlobalSection(SolutionConfigurationPlatforms) = preSolution
		Debug|Any CPU = Debug|Any CPU
		Release|Any CPU = Release|Any CPU
	EndGlobalSection
	GlobalSection(ProjectConfigurationPlatforms) = postSolution
		{ABFA78BC-F74E-4B97-99DB-40E4A4FB0648}.Debug|Any CPU.ActiveCfg = Debug|Any CPU
		{ABFA78BC-F74E-4B97-99DB-40E4A4FB0648}.Debug|Any CPU.Build.0 = Debug|Any CPU
		{ABFA78BC-F74E-4B97-99DB-40E4A4FB0648}.Release|Any CPU.ActiveCfg = Release|Any CPU
		{ABFA78BC-F74E-4B97-99DB-40E4A4FB0648}.Release|Any CPU.Build.0 = Release|Any CPU
		{EF7CC083-85DF-4C89-8C6E-566E48718153}.Debug|Any CPU.ActiveCfg = Debug|Any CPU
		{EF7CC083-85DF-4C89-8C6E-566E48718153}.Debug|Any CPU.Build.0 = Debug|Any CPU
		{EF7CC083-85DF-4C89-8C6E-566E48718153}.Release|Any CPU.ActiveCfg = Release|Any CPU
		{EF7CC083-85DF-4C89-8C6E-566E48718153}.Release|Any CPU.Build.0 = Release|Any CPU
		{EDB01E95-182D-48A9-871B-07A894DCBB96}.Debug|Any CPU.ActiveCfg = Debug|Any CPU
		{EDB01E95-182D-48A9-871B-07A894DCBB96}.Debug|Any CPU.Build.0 = Debug|Any CPU
		{EDB01E95-182D-48A9-871B-07A894DCBB96}.Release|Any CPU.ActiveCfg = Release|Any CPU
		{EDB01E95-182D-48A9-871B-07A894DCBB96}.Release|Any CPU.Build.0 = Release|Any CPU
	EndGlobalSection
	GlobalSection(SolutionProperties) = preSolution
		HideSolutionNode = FALSE
	EndGlobalSection
	GlobalSection(ExtensibilityGlobals) = postSolution
		SolutionGuid = {E616E19F-31DC-44E2-9B6F-CBE20877B934}
	EndGlobalSection
EndGlobal
